{
  "name": "ant-design-pro",
  "version": "1.1.0",
  "lockfileVersion": 1,
  "requires": true,
  "dependencies": {
    "@types/moment": {
      "version": "2.13.0",
      "resolved": "https://registry.npmjs.org/@types/moment/-/moment-2.13.0.tgz",
      "integrity": "sha1-YE69GJvDvDShVIaJQE5hoqSqyJY=",
      "requires": {
        "moment": "2.20.1"
      },
      "dependencies": {
        "moment": {
          "version": "2.20.1",
          "resolved": "https://registry.npmjs.org/moment/-/moment-2.20.1.tgz",
          "integrity": "sha512-Yh9y73JRljxW5QxN08Fner68eFLxM5ynNOAw2LbIB1YAGeQzZT8QFSUvkAz609Zf+IHhhaUxqZK8dG3W/+HEvg=="
        }
      }
    },
    "@types/numeral": {
      "version": "0.0.22",
      "resolved": "https://registry.npmjs.org/@types/numeral/-/numeral-0.0.22.tgz",
      "integrity": "sha512-zUS7L52zNNVIKDf2/YiWUeFLiJPPZ03h9wVLDa04u4j5bTFc9OeACCg6piZBTwhPyWv3P7nKe4OWzQwU/FGHgQ=="
    },
    "@types/path-to-regexp": {
      "version": "1.7.0",
      "resolved": "https://registry.npmjs.org/@types/path-to-regexp/-/path-to-regexp-1.7.0.tgz",
      "integrity": "sha1-8a+dnJ21+K2AqnXtQk22ZcSNbNQ=",
      "requires": {
        "path-to-regexp": "2.1.0"
      }
    },
    "@types/prop-types": {
      "version": "15.5.2",
      "resolved": "https://registry.npmjs.org/@types/prop-types/-/prop-types-15.5.2.tgz",
      "integrity": "sha512-pQRkAVoxiuUrLq8+CDwiQX4pTCep/PmmNgBbjIwnnsd/HoYjGpR81+FFPE030lvNXgR0haaAU6eoRtztWDE4Xw=="
    },
    "@types/qs": {
      "version": "6.5.1",
      "resolved": "https://registry.npmjs.org/@types/qs/-/qs-6.5.1.tgz",
      "integrity": "sha512-mNhVdZHdtKHMMxbqzNK3RzkBcN1cux3AvuCYGTvjEIQT2uheH3eCAyYsbMbh2Bq8nXkeOWs1kyDiF7geWRFQ4Q=="
    },
    "@types/react-document-title": {
      "version": "2.0.1",
      "resolved": "https://registry.npmjs.org/@types/react-document-title/-/react-document-title-2.0.1.tgz",
      "integrity": "sha512-OFdwgKkbBlP4XezdYgaviGfNpvy61F9nIAlDOz5AODZmKsNC61rCB8NSZzWgA0uRr5AuioJrf5IH9DJxacHZLw==",
      "requires": {
        "@types/react": "16.0.34"
      },
      "dependencies": {
        "@types/react": {
          "version": "16.0.34",
          "resolved": "https://registry.npmjs.org/@types/react/-/react-16.0.34.tgz",
          "integrity": "sha512-Ee66fX2qMsDnDq7sPnDtq1bGoo479j6Fo1BlSnne+L5rp6ndzBUgz72+MRNuN56zg9uuteRCkJAMdDJEX2Uqig=="
        }
      }
    },
    "path-to-regexp": {
      "version": "2.1.0",
      "resolved": "https://registry.npmjs.org/path-to-regexp/-/path-to-regexp-2.1.0.tgz",
      "integrity": "sha512-dZY7QPCPp5r9cnNuQ955mOv4ZFVDXY/yvqeV7Y1W2PJA3PEFcuow9xKFfJxbBj1pIjOAP+M2B4/7xubmykLrXw=="
    }
  }
}
