{
  "name": "ant-design-pro",
  "version": "0.3.1",
  "lockfileVersion": 1,
  "requires": true,
  "dependencies": {
    "@types/classnames": {
      "version": "2.2.3",
      "resolved": "https://registry.npmjs.org/@types/classnames/-/classnames-2.2.3.tgz",
      "integrity": "sha512-x15/Io+JdzrkM9gnX6SWUs/EmqQzd65TD9tcZIAQ1VIdb93XErNuYmB7Yho8JUCE189ipUSESsWvGvYXRRIvYA=="
    },
    "@types/numeral": {
      "version": "0.0.22",
      "resolved": "https://registry.npmjs.org/@types/numeral/-/numeral-0.0.22.tgz",
      "integrity": "sha512-zUS7L52zNNVIKDf2/YiWUeFLiJPPZ03h9wVLDa04u4j5bTFc9OeACCg6piZBTwhPyWv3P7nKe4OWzQwU/FGHgQ=="
    },
    "@types/prop-types": {
      "version": "15.5.2",
      "resolved": "https://registry.npmjs.org/@types/prop-types/-/prop-types-15.5.2.tgz",
      "integrity": "sha512-pQRkAVoxiuUrLq8+CDwiQX4pTCep/PmmNgBbjIwnnsd/HoYjGpR81+FFPE030lvNXgR0haaAU6eoRtztWDE4Xw=="
    },
    "@types/qs": {
      "version": "6.5.1",
      "resolved": "https://registry.npmjs.org/@types/qs/-/qs-6.5.1.tgz",
      "integrity": "sha512-mNhVdZHdtKHMMxbqzNK3RzkBcN1cux3AvuCYGTvjEIQT2uheH3eCAyYsbMbh2Bq8nXkeOWs1kyDiF7geWRFQ4Q=="
    },
    "@types/react-document-title": {
      "version": "2.0.1",
      "resolved": "https://registry.npmjs.org/@types/react-document-title/-/react-document-title-2.0.1.tgz",
      "integrity": "sha512-OFdwgKkbBlP4XezdYgaviGfNpvy61F9nIAlDOz5AODZmKsNC61rCB8NSZzWgA0uRr5AuioJrf5IH9DJxacHZLw==",
      "requires": {
        "@types/react": "16.0.34"
      },
      "dependencies": {
        "@types/react": {
          "version": "16.0.34",
          "resolved": "https://registry.npmjs.org/@types/react/-/react-16.0.34.tgz",
          "integrity": "sha512-Ee66fX2qMsDnDq7sPnDtq1bGoo479j6Fo1BlSnne+L5rp6ndzBUgz72+MRNuN56zg9uuteRCkJAMdDJEX2Uqig=="
        }
      }
    },
    "regenerator-runtime": {
      "version": "0.11.1",
      "resolved": "https://registry.npmjs.org/regenerator-runtime/-/regenerator-runtime-0.11.1.tgz",
      "integrity": "sha512-MguG95oij0fC3QV3URf4V2SDYGJhJnJGqvIIgdECeODCT98wSWDAJ94SSuVpYQUoTcGUIL6L4yNB7j1DFFHSBg==",
      "dev": true
    }
  }
}
